{
  "compatibility": {
    "compute_capability_min": null,
    "cuda_min": null
  },
  "environment": {
    "elixir_version": "1.18.4",
    "generator_hash": "b42fe11f5e562e661535f7df00ee90c76624920d03cf35f9fbca687ac22b0c0f",
    "hardware": {
      "accelerator": "cpu",
      "cpu_features": [
        "pclmul",
        "ssse3",
        "fma",
        "sse4_1",
        "sse4_2",
        "aes",
        "avx",
        "f16c",
        "avx2"
      ],
      "gpu_count": 0
    },
    "otp_version": "28",
    "platform": {
      "arch": "x86_64",
      "os": "linux"
    },
    "python_packages_hash": "sha256:81253f46350805fc69ec8f97def1956b99ad8141743da8f8d82851b81677b21e",
    "python_platform": "x86_64-pc-linux-gnu",
    "python_runtime_hash": "c2c20b4745d447551221ec3d4e70f92c270c4609fe3df34fc52ea6dd46e92273",
    "python_version": "3.12.3",
    "snakebridge_version": "0.16.0"
  },
  "libraries": {
    "vllm": {
      "config_hash": "5257082277b41d778f6cbe027cac6cd012a070a9d4154c5ab7c8e47e507cb3dd",
      "hash": null,
      "requested": "0.14.0",
      "resolved": "0.14.0"
    }
  },
  "python_packages": {
    "vllm": {
      "version": "0.14.0",
      "hash": null
    }
  },
  "version": "0.16.0"
}